
Microsoft Visual Studio Solution File, Format Version 12.00
# Visual Studio Version 18
VisualStudioVersion = 18.6.11819.183
MinimumVisualStudioVersion = 10.0.40219.1
Project("{FAE04EC0-301F-11D3-BF4B-00C04F79EFBC}") = "PointBlank.Launcher", "Point Blank Launcher\Launcher.PointBlank\PointBlank.Launcher.csproj", "{1FB302F1-F27F-496E-856C-2F2E093DDB77}"
EndProject
Project("{FAE04EC0-301F-11D3-BF4B-00C04F79EFBC}") = "PointBlank.Socket", "Point Blank Services\Launcher.Services\PointBlank.Socket.csproj", "{34711BE3-529B-4A44-A026-3733C15B09F7}"
EndProject
Project("{8BC9CEB8-8B4A-11D0-8D11-00A0C91BC942}") = "ConfigUpdateCreator", "Launcher Update Creator\UpdateCreator\UpdateCreator.vcxproj", "{06C86FBE-804D-4E88-9EF9-C60841307237}"
EndProject
Project("{8BC9CEB8-8B4A-11D0-8D11-00A0C91BC942}") = "ConfigFileEncrypter", "ConfigFileEncrypter\ConfigFileEncrypter.vcxproj", "{A3BE3007-517A-4A3D-A9BD-F2EA33E94F88}"
EndProject
Global
	GlobalSection(SolutionConfigurationPlatforms) = preSolution
		Debug|Any CPU = Debug|Any CPU
		Debug|x64 = Debug|x64
		Debug|x86 = Debug|x86
		Release|Any CPU = Release|Any CPU
		Release|x64 = Release|x64
		Release|x86 = Release|x86
	EndGlobalSection
	GlobalSection(ProjectConfigurationPlatforms) = postSolution
		{1FB302F1-F27F-496E-856C-2F2E093DDB77}.Debug|Any CPU.ActiveCfg = Debug|Any CPU
		{1FB302F1-F27F-496E-856C-2F2E093DDB77}.Debug|Any CPU.Build.0 = Debug|Any CPU
		{1FB302F1-F27F-496E-856C-2F2E093DDB77}.Debug|x64.ActiveCfg = Debug|Any CPU
		{1FB302F1-F27F-496E-856C-2F2E093DDB77}.Debug|x64.Build.0 = Debug|Any CPU
		{1FB302F1-F27F-496E-856C-2F2E093DDB77}.Debug|x86.ActiveCfg = Debug|Any CPU
		{1FB302F1-F27F-496E-856C-2F2E093DDB77}.Debug|x86.Build.0 = Debug|Any CPU
		{1FB302F1-F27F-496E-856C-2F2E093DDB77}.Release|Any CPU.ActiveCfg = Release|Any CPU
		{1FB302F1-F27F-496E-856C-2F2E093DDB77}.Release|Any CPU.Build.0 = Release|Any CPU
		{1FB302F1-F27F-496E-856C-2F2E093DDB77}.Release|x64.ActiveCfg = Release|Any CPU
		{1FB302F1-F27F-496E-856C-2F2E093DDB77}.Release|x64.Build.0 = Release|Any CPU
		{1FB302F1-F27F-496E-856C-2F2E093DDB77}.Release|x86.ActiveCfg = Release|Any CPU
		{1FB302F1-F27F-496E-856C-2F2E093DDB77}.Release|x86.Build.0 = Release|Any CPU
		{34711BE3-529B-4A44-A026-3733C15B09F7}.Debug|Any CPU.ActiveCfg = Debug|Any CPU
		{34711BE3-529B-4A44-A026-3733C15B09F7}.Debug|Any CPU.Build.0 = Debug|Any CPU
		{34711BE3-529B-4A44-A026-3733C15B09F7}.Debug|x64.ActiveCfg = Debug|Any CPU
		{34711BE3-529B-4A44-A026-3733C15B09F7}.Debug|x64.Build.0 = Debug|Any CPU
		{34711BE3-529B-4A44-A026-3733C15B09F7}.Debug|x86.ActiveCfg = Debug|Any CPU
		{34711BE3-529B-4A44-A026-3733C15B09F7}.Debug|x86.Build.0 = Debug|Any CPU
		{34711BE3-529B-4A44-A026-3733C15B09F7}.Release|Any CPU.ActiveCfg = Release|Any CPU
		{34711BE3-529B-4A44-A026-3733C15B09F7}.Release|Any CPU.Build.0 = Release|Any CPU
		{34711BE3-529B-4A44-A026-3733C15B09F7}.Release|x64.ActiveCfg = Release|Any CPU
		{34711BE3-529B-4A44-A026-3733C15B09F7}.Release|x64.Build.0 = Release|Any CPU
		{34711BE3-529B-4A44-A026-3733C15B09F7}.Release|x86.ActiveCfg = Release|Any CPU
		{34711BE3-529B-4A44-A026-3733C15B09F7}.Release|x86.Build.0 = Release|Any CPU
		{06C86FBE-804D-4E88-9EF9-C60841307237}.Debug|Any CPU.ActiveCfg = Debug|Win32
		{06C86FBE-804D-4E88-9EF9-C60841307237}.Debug|x64.ActiveCfg = Debug|x64
		{06C86FBE-804D-4E88-9EF9-C60841307237}.Debug|x64.Build.0 = Debug|x64
		{06C86FBE-804D-4E88-9EF9-C60841307237}.Debug|x86.ActiveCfg = Debug|Win32
		{06C86FBE-804D-4E88-9EF9-C60841307237}.Debug|x86.Build.0 = Debug|Win32
		{06C86FBE-804D-4E88-9EF9-C60841307237}.Release|Any CPU.ActiveCfg = Release|Win32
		{06C86FBE-804D-4E88-9EF9-C60841307237}.Release|x64.ActiveCfg = Release|x64
		{06C86FBE-804D-4E88-9EF9-C60841307237}.Release|x64.Build.0 = Release|x64
		{06C86FBE-804D-4E88-9EF9-C60841307237}.Release|x86.ActiveCfg = Release|Win32
		{06C86FBE-804D-4E88-9EF9-C60841307237}.Release|x86.Build.0 = Release|Win32
		{A3BE3007-517A-4A3D-A9BD-F2EA33E94F88}.Debug|Any CPU.ActiveCfg = Debug|x64
		{A3BE3007-517A-4A3D-A9BD-F2EA33E94F88}.Debug|Any CPU.Build.0 = Debug|x64
		{A3BE3007-517A-4A3D-A9BD-F2EA33E94F88}.Debug|x64.ActiveCfg = Debug|x64
		{A3BE3007-517A-4A3D-A9BD-F2EA33E94F88}.Debug|x64.Build.0 = Debug|x64
		{A3BE3007-517A-4A3D-A9BD-F2EA33E94F88}.Debug|x86.ActiveCfg = Debug|Win32
		{A3BE3007-517A-4A3D-A9BD-F2EA33E94F88}.Debug|x86.Build.0 = Debug|Win32
		{A3BE3007-517A-4A3D-A9BD-F2EA33E94F88}.Release|Any CPU.ActiveCfg = Release|x64
		{A3BE3007-517A-4A3D-A9BD-F2EA33E94F88}.Release|Any CPU.Build.0 = Release|x64
		{A3BE3007-517A-4A3D-A9BD-F2EA33E94F88}.Release|x64.ActiveCfg = Release|x64
		{A3BE3007-517A-4A3D-A9BD-F2EA33E94F88}.Release|x64.Build.0 = Release|x64
		{A3BE3007-517A-4A3D-A9BD-F2EA33E94F88}.Release|x86.ActiveCfg = Release|Win32
		{A3BE3007-517A-4A3D-A9BD-F2EA33E94F88}.Release|x86.Build.0 = Release|Win32
	EndGlobalSection
	GlobalSection(SolutionProperties) = preSolution
		HideSolutionNode = FALSE
	EndGlobalSection
	GlobalSection(ExtensibilityGlobals) = postSolution
		SolutionGuid = {21DF437B-8359-4BFA-9817-F00EF217B654}
	EndGlobalSection
EndGlobal
